// !$*UTF8*$!
{
	archiveVersion = 1;
	classes = {
	};
	objectVersion = 56;
	objects = {

/* Begin PBXBuildFile section */
		B9017F1029AF884A002338C9 /* LoginView.swift in Sources */ = {isa = PBXBuildFile; fileRef = B9017F0F29AF884A002338C9 /* LoginView.swift */; };
		B9017F1229AF886A002338C9 /* LoginViewState.swift in Sources */ = {isa = PBXBuildFile; fileRef = B9017F1129AF886A002338C9 /* LoginViewState.swift */; };
		B9017F1429AF88F9002338C9 /* LoginUpdate.swift in Sources */ = {isa = PBXBuildFile; fileRef = B9017F1329AF88F9002338C9 /* LoginUpdate.swift */; };
		B9017F1629AF8941002338C9 /* LoginEffectHandler.swift in Sources */ = {isa = PBXBuildFile; fileRef = B9017F1529AF8941002338C9 /* LoginEffectHandler.swift */; };
		B9017F1A29AF8E11002338C9 /* String+Email.swift in Sources */ = {isa = PBXBuildFile; fileRef = B9017F1929AF8E11002338C9 /* String+Email.swift */; };
		B909B6BD29A41BD900F68A3E /* Unison in Frameworks */ = {isa = PBXBuildFile; productRef = B909B6BC29A41BD900F68A3E /* Unison */; };
		B90E202329B0163B001CC990 /* ActivityIndicator.swift in Sources */ = {isa = PBXBuildFile; fileRef = B90E202229B0163B001CC990 /* ActivityIndicator.swift */; };
		B9202DAA29A27EC800BCD415 /* UnisonApp.swift in Sources */ = {isa = PBXBuildFile; fileRef = B9202DA929A27EC800BCD415 /* UnisonApp.swift */; };
		B9202DAC29A27EC800BCD415 /* ContentView.swift in Sources */ = {isa = PBXBuildFile; fileRef = B9202DAB29A27EC800BCD415 /* ContentView.swift */; };
		B9202DAE29A27ECA00BCD415 /* Assets.xcassets in Resources */ = {isa = PBXBuildFile; fileRef = B9202DAD29A27ECA00BCD415 /* Assets.xcassets */; };
		B93A9C1F29B827C80073801F /* LoginApi.swift in Sources */ = {isa = PBXBuildFile; fileRef = B93A9C1E29B827C80073801F /* LoginApi.swift */; };
		B968E7AF2A2773F300B62407 /* Dependencies.swift in Sources */ = {isa = PBXBuildFile; fileRef = B968E7AE2A2773F300B62407 /* Dependencies.swift */; };
		B985E70B29B2F34F0042AD8B /* LoginUpdateTests.swift in Sources */ = {isa = PBXBuildFile; fileRef = B985E70A29B2F34F0042AD8B /* LoginUpdateTests.swift */; };
		B98E846B29ABAAC0003A38A2 /* TimerView.swift in Sources */ = {isa = PBXBuildFile; fileRef = B98E846A29ABAAC0003A38A2 /* TimerView.swift */; };
		B98E846D29ABAAD8003A38A2 /* TimerUpdate.swift in Sources */ = {isa = PBXBuildFile; fileRef = B98E846C29ABAAD8003A38A2 /* TimerUpdate.swift */; };
		B98E846F29ABAB34003A38A2 /* TimerEffectHandler.swift in Sources */ = {isa = PBXBuildFile; fileRef = B98E846E29ABAB34003A38A2 /* TimerEffectHandler.swift */; };
		B98E847329ABB0F5003A38A2 /* TimerViewState.swift in Sources */ = {isa = PBXBuildFile; fileRef = B98E847229ABB0F5003A38A2 /* TimerViewState.swift */; };
		B98E847B29ABC05B003A38A2 /* TimerUpdateTests.swift in Sources */ = {isa = PBXBuildFile; fileRef = B98E847A29ABC05B003A38A2 /* TimerUpdateTests.swift */; };
		B995DFEC2A2CCCB60019690D /* LazyView.swift in Sources */ = {isa = PBXBuildFile; fileRef = B995DFEB2A2CCCB60019690D /* LazyView.swift */; };
/* End PBXBuildFile section */

/* Begin PBXContainerItemProxy section */
		B98E847C29ABC05B003A38A2 /* PBXContainerItemProxy */ = {
			isa = PBXContainerItemProxy;
			containerPortal = B9202D9E29A27EC800BCD415 /* Project object */;
			proxyType = 1;
			remoteGlobalIDString = B9202DA529A27EC800BCD415;
			remoteInfo = UnisonDemo;
		};
/* End PBXContainerItemProxy section */

/* Begin PBXFileReference section */
		B9017F0F29AF884A002338C9 /* LoginView.swift */ = {isa = PBXFileReference; lastKnownFileType = sourcecode.swift; path = LoginView.swift; sourceTree = "<group>"; };
		B9017F1129AF886A002338C9 /* LoginViewState.swift */ = {isa = PBXFileReference; lastKnownFileType = sourcecode.swift; path = LoginViewState.swift; sourceTree = "<group>"; };
		B9017F1329AF88F9002338C9 /* LoginUpdate.swift */ = {isa = PBXFileReference; lastKnownFileType = sourcecode.swift; path = LoginUpdate.swift; sourceTree = "<group>"; };
		B9017F1529AF8941002338C9 /* LoginEffectHandler.swift */ = {isa = PBXFileReference; lastKnownFileType = sourcecode.swift; path = LoginEffectHandler.swift; sourceTree = "<group>"; };
		B9017F1929AF8E11002338C9 /* String+Email.swift */ = {isa = PBXFileReference; lastKnownFileType = sourcecode.swift; path = "String+Email.swift"; sourceTree = "<group>"; };
		B909B6BA29A41B9400F68A3E /* Unison */ = {isa = PBXFileReference; lastKnownFileType = wrapper; name = Unison; path = ..; sourceTree = "<group>"; };
		B90E202229B0163B001CC990 /* ActivityIndicator.swift */ = {isa = PBXFileReference; lastKnownFileType = sourcecode.swift; path = ActivityIndicator.swift; sourceTree = "<group>"; };
		B9202DA629A27EC800BCD415 /* UnisonDemo.app */ = {isa = PBXFileReference; explicitFileType = wrapper.application; includeInIndex = 0; path = UnisonDemo.app; sourceTree = BUILT_PRODUCTS_DIR; };
		B9202DA929A27EC800BCD415 /* UnisonApp.swift */ = {isa = PBXFileReference; lastKnownFileType = sourcecode.swift; path = UnisonApp.swift; sourceTree = "<group>"; };
		B9202DAB29A27EC800BCD415 /* ContentView.swift */ = {isa = PBXFileReference; lastKnownFileType = sourcecode.swift; path = ContentView.swift; sourceTree = "<group>"; };
		B9202DAD29A27ECA00BCD415 /* Assets.xcassets */ = {isa = PBXFileReference; lastKnownFileType = folder.assetcatalog; path = Assets.xcassets; sourceTree = "<group>"; };
		B93A9C1E29B827C80073801F /* LoginApi.swift */ = {isa = PBXFileReference; lastKnownFileType = sourcecode.swift; path = LoginApi.swift; sourceTree = "<group>"; };
		B968E7AE2A2773F300B62407 /* Dependencies.swift */ = {isa = PBXFileReference; lastKnownFileType = sourcecode.swift; path = Dependencies.swift; sourceTree = "<group>"; };
		B985E70A29B2F34F0042AD8B /* LoginUpdateTests.swift */ = {isa = PBXFileReference; lastKnownFileType = sourcecode.swift; path = LoginUpdateTests.swift; sourceTree = "<group>"; };
		B985E70C29B555330042AD8B /* Info.plist */ = {isa = PBXFileReference; lastKnownFileType = text.plist; path = Info.plist; sourceTree = "<group>"; };
		B98E846A29ABAAC0003A38A2 /* TimerView.swift */ = {isa = PBXFileReference; lastKnownFileType = sourcecode.swift; path = TimerView.swift; sourceTree = "<group>"; };
		B98E846C29ABAAD8003A38A2 /* TimerUpdate.swift */ = {isa = PBXFileReference; lastKnownFileType = sourcecode.swift; path = TimerUpdate.swift; sourceTree = "<group>"; };
		B98E846E29ABAB34003A38A2 /* TimerEffectHandler.swift */ = {isa = PBXFileReference; lastKnownFileType = sourcecode.swift; path = TimerEffectHandler.swift; sourceTree = "<group>"; };
		B98E847229ABB0F5003A38A2 /* TimerViewState.swift */ = {isa = PBXFileReference; lastKnownFileType = sourcecode.swift; path = TimerViewState.swift; sourceTree = "<group>"; };
		B98E847829ABC05B003A38A2 /* UnisonDemoTests.xctest */ = {isa = PBXFileReference; explicitFileType = wrapper.cfbundle; includeInIndex = 0; path = UnisonDemoTests.xctest; sourceTree = BUILT_PRODUCTS_DIR; };
		B98E847A29ABC05B003A38A2 /* TimerUpdateTests.swift */ = {isa = PBXFileReference; lastKnownFileType = sourcecode.swift; path = TimerUpdateTests.swift; sourceTree = "<group>"; };
		B995DFEB2A2CCCB60019690D /* LazyView.swift */ = {isa = PBXFileReference; lastKnownFileType = sourcecode.swift; path = LazyView.swift; sourceTree = "<group>"; };
/* End PBXFileReference section */

/* Begin PBXFrameworksBuildPhase section */
		B9202DA329A27EC800BCD415 /* Frameworks */ = {
			isa = PBXFrameworksBuildPhase;
			buildActionMask = 2147483647;
			files = (
				B909B6BD29A41BD900F68A3E /* Unison in Frameworks */,
			);
			runOnlyForDeploymentPostprocessing = 0;
		};
		B98E847529ABC05B003A38A2 /* Frameworks */ = {
			isa = PBXFrameworksBuildPhase;
			buildActionMask = 2147483647;
			files = (
			);
			runOnlyForDeploymentPostprocessing = 0;
		};
/* End PBXFrameworksBuildPhase section */

/* Begin PBXGroup section */
		B9017F0E29AF883D002338C9 /* Login */ = {
			isa = PBXGroup;
			children = (
				B9017F0F29AF884A002338C9 /* LoginView.swift */,
				B9017F1129AF886A002338C9 /* LoginViewState.swift */,
				B9017F1329AF88F9002338C9 /* LoginUpdate.swift */,
				B9017F1529AF8941002338C9 /* LoginEffectHandler.swift */,
				B93A9C1E29B827C80073801F /* LoginApi.swift */,
			);
			path = Login;
			sourceTree = "<group>";
		};
		B9017F1829AF8E05002338C9 /* Helper */ = {
			isa = PBXGroup;
			children = (
				B9017F1929AF8E11002338C9 /* String+Email.swift */,
				B90E202229B0163B001CC990 /* ActivityIndicator.swift */,
				B995DFEB2A2CCCB60019690D /* LazyView.swift */,
			);
			path = Helper;
			sourceTree = "<group>";
		};
		B909B6B929A41B9400F68A3E /* Packages */ = {
			isa = PBXGroup;
			children = (
				B909B6BA29A41B9400F68A3E /* Unison */,
			);
			name = Packages;
			sourceTree = "<group>";
		};
		B909B6BB29A41BD900F68A3E /* Frameworks */ = {
			isa = PBXGroup;
			children = (
			);
			name = Frameworks;
			sourceTree = "<group>";
		};
		B9202D9D29A27EC800BCD415 = {
			isa = PBXGroup;
			children = (
				B909B6B929A41B9400F68A3E /* Packages */,
				B9202DA829A27EC800BCD415 /* UnisonDemo */,
				B98E847929ABC05B003A38A2 /* UnisonDemoTests */,
				B9202DA729A27EC800BCD415 /* Products */,
				B909B6BB29A41BD900F68A3E /* Frameworks */,
			);
			sourceTree = "<group>";
		};
		B9202DA729A27EC800BCD415 /* Products */ = {
			isa = PBXGroup;
			children = (
				B9202DA629A27EC800BCD415 /* UnisonDemo.app */,
				B98E847829ABC05B003A38A2 /* UnisonDemoTests.xctest */,
			);
			name = Products;
			sourceTree = "<group>";
		};
		B9202DA829A27EC800BCD415 /* UnisonDemo */ = {
			isa = PBXGroup;
			children = (
				B985E70C29B555330042AD8B /* Info.plist */,
				B9202DA929A27EC800BCD415 /* UnisonApp.swift */,
				B968E7AE2A2773F300B62407 /* Dependencies.swift */,
				B9202DAB29A27EC800BCD415 /* ContentView.swift */,
				B9202DD429A27F4500BCD415 /* Examples */,
				B9017F1829AF8E05002338C9 /* Helper */,
				B9202DAD29A27ECA00BCD415 /* Assets.xcassets */,
			);
			path = UnisonDemo;
			sourceTree = "<group>";
		};
		B9202DD429A27F4500BCD415 /* Examples */ = {
			isa = PBXGroup;
			children = (
				B9017F0E29AF883D002338C9 /* Login */,
				B98E846829ABAA1E003A38A2 /* Timer */,
			);
			path = Examples;
			sourceTree = "<group>";
		};
		B98E846829ABAA1E003A38A2 /* Timer */ = {
			isa = PBXGroup;
			children = (
				B98E846A29ABAAC0003A38A2 /* TimerView.swift */,
				B98E847229ABB0F5003A38A2 /* TimerViewState.swift */,
				B98E846C29ABAAD8003A38A2 /* TimerUpdate.swift */,
				B98E846E29ABAB34003A38A2 /* TimerEffectHandler.swift */,
			);
			path = Timer;
			sourceTree = "<group>";
		};
		B98E847929ABC05B003A38A2 /* UnisonDemoTests */ = {
			isa = PBXGroup;
			children = (
				B98E847A29ABC05B003A38A2 /* TimerUpdateTests.swift */,
				B985E70A29B2F34F0042AD8B /* LoginUpdateTests.swift */,
			);
			path = UnisonDemoTests;
			sourceTree = "<group>";
		};
/* End PBXGroup section */

/* Begin PBXNativeTarget section */
		B9202DA529A27EC800BCD415 /* UnisonDemo */ = {
			isa = PBXNativeTarget;
			buildConfigurationList = B9202DCA29A27ECA00BCD415 /* Build configuration list for PBXNativeTarget "UnisonDemo" */;
			buildPhases = (
				B9202DA229A27EC800BCD415 /* Sources */,
				B9202DA329A27EC800BCD415 /* Frameworks */,
				B9202DA429A27EC800BCD415 /* Resources */,
			);
			buildRules = (
			);
			dependencies = (
				B969E25829AA704D008B2625 /* PBXTargetDependency */,
			);
			name = UnisonDemo;
			packageProductDependencies = (
				B909B6BC29A41BD900F68A3E /* Unison */,
			);
			productName = Unison;
			productReference = B9202DA629A27EC800BCD415 /* UnisonDemo.app */;
			productType = "com.apple.product-type.application";
		};
		B98E847729ABC05B003A38A2 /* UnisonDemoTests */ = {
			isa = PBXNativeTarget;
			buildConfigurationList = B98E847E29ABC05B003A38A2 /* Build configuration list for PBXNativeTarget "UnisonDemoTests" */;
			buildPhases = (
				B98E847429ABC05B003A38A2 /* Sources */,
				B98E847529ABC05B003A38A2 /* Frameworks */,
				B98E847629ABC05B003A38A2 /* Resources */,
			);
			buildRules = (
			);
			dependencies = (
				B98E847D29ABC05B003A38A2 /* PBXTargetDependency */,
			);
			name = UnisonDemoTests;
			productName = UnisonDemoTests;
			productReference = B98E847829ABC05B003A38A2 /* UnisonDemoTests.xctest */;
			productType = "com.apple.product-type.bundle.unit-test";
		};
/* End PBXNativeTarget section */

/* Begin PBXProject section */
		B9202D9E29A27EC800BCD415 /* Project object */ = {
			isa = PBXProject;
			attributes = {
				BuildIndependentTargetsInParallel = 1;
				LastSwiftUpdateCheck = 1420;
				LastUpgradeCheck = 1420;
				TargetAttributes = {
					B9202DA529A27EC800BCD415 = {
						CreatedOnToolsVersion = 14.2;
					};
					B98E847729ABC05B003A38A2 = {
						CreatedOnToolsVersion = 14.2;
						TestTargetID = B9202DA529A27EC800BCD415;
					};
				};
			};
			buildConfigurationList = B9202DA129A27EC800BCD415 /* Build configuration list for PBXProject "UnisonDemo" */;
			compatibilityVersion = "Xcode 14.0";
			developmentRegion = en;
			hasScannedForEncodings = 0;
			knownRegions = (
				en,
				Base,
			);
			mainGroup = B9202D9D29A27EC800BCD415;
			packageReferences = (
			);
			productRefGroup = B9202DA729A27EC800BCD415 /* Products */;
			projectDirPath = "";
			projectRoot = "";
			targets = (
				B9202DA529A27EC800BCD415 /* UnisonDemo */,
				B98E847729ABC05B003A38A2 /* UnisonDemoTests */,
			);
		};
/* End PBXProject section */

/* Begin PBXResourcesBuildPhase section */
		B9202DA429A27EC800BCD415 /* Resources */ = {
			isa = PBXResourcesBuildPhase;
			buildActionMask = 2147483647;
			files = (
				B9202DAE29A27ECA00BCD415 /* Assets.xcassets in Resources */,
			);
			runOnlyForDeploymentPostprocessing = 0;
		};
		B98E847629ABC05B003A38A2 /* Resources */ = {
			isa = PBXResourcesBuildPhase;
			buildActionMask = 2147483647;
			files = (
			);
			runOnlyForDeploymentPostprocessing = 0;
		};
/* End PBXResourcesBuildPhase section */

/* Begin PBXSourcesBuildPhase section */
		B9202DA229A27EC800BCD415 /* Sources */ = {
			isa = PBXSourcesBuildPhase;
			buildActionMask = 2147483647;
			files = (
				B968E7AF2A2773F300B62407 /* Dependencies.swift in Sources */,
				B9202DAC29A27EC800BCD415 /* ContentView.swift in Sources */,
				B93A9C1F29B827C80073801F /* LoginApi.swift in Sources */,
				B995DFEC2A2CCCB60019690D /* LazyView.swift in Sources */,
				B9017F1029AF884A002338C9 /* LoginView.swift in Sources */,
				B9017F1A29AF8E11002338C9 /* String+Email.swift in Sources */,
				B98E846F29ABAB34003A38A2 /* TimerEffectHandler.swift in Sources */,
				B90E202329B0163B001CC990 /* ActivityIndicator.swift in Sources */,
				B9017F1629AF8941002338C9 /* LoginEffectHandler.swift in Sources */,
				B98E846B29ABAAC0003A38A2 /* TimerView.swift in Sources */,
				B9017F1229AF886A002338C9 /* LoginViewState.swift in Sources */,
				B9202DAA29A27EC800BCD415 /* UnisonApp.swift in Sources */,
				B98E847329ABB0F5003A38A2 /* TimerViewState.swift in Sources */,
				B98E846D29ABAAD8003A38A2 /* TimerUpdate.swift in Sources */,
				B9017F1429AF88F9002338C9 /* LoginUpdate.swift in Sources */,
			);
			runOnlyForDeploymentPostprocessing = 0;
		};
		B98E847429ABC05B003A38A2 /* Sources */ = {
			isa = PBXSourcesBuildPhase;
			buildActionMask = 2147483647;
			files = (
				B985E70B29B2F34F0042AD8B /* LoginUpdateTests.swift in Sources */,
				B98E847B29ABC05B003A38A2 /* TimerUpdateTests.swift in Sources */,
			);
			runOnlyForDeploymentPostprocessing = 0;
		};
/* End PBXSourcesBuildPhase section */

/* Begin PBXTargetDependency section */
		B969E25829AA704D008B2625 /* PBXTargetDependency */ = {
			isa = PBXTargetDependency;
			productRef = B969E25729AA704D008B2625 /* CodeGeneratorPlugin */;
		};
		B98E847D29ABC05B003A38A2 /* PBXTargetDependency */ = {
			isa = PBXTargetDependency;
			target = B9202DA529A27EC800BCD415 /* UnisonDemo */;
			targetProxy = B98E847C29ABC05B003A38A2 /* PBXContainerItemProxy */;
		};
/* End PBXTargetDependency section */

/* Begin XCBuildConfiguration section */
		B9202DC829A27ECA00BCD415 /* Debug */ = {
			isa = XCBuildConfiguration;
			buildSettings = {
				ALWAYS_SEARCH_USER_PATHS = NO;
				CLANG_ANALYZER_NONNULL = YES;
				CLANG_ANALYZER_NUMBER_OBJECT_CONVERSION = YES_AGGRESSIVE;
				CLANG_CXX_LANGUAGE_STANDARD = "gnu++20";
				CLANG_ENABLE_MODULES = YES;
				CLANG_ENABLE_OBJC_ARC = YES;
				CLANG_ENABLE_OBJC_WEAK = YES;
				CLANG_WARN_BLOCK_CAPTURE_AUTORELEASING = YES;
				CLANG_WARN_BOOL_CONVERSION = YES;
				CLANG_WARN_COMMA = YES;
				CLANG_WARN_CONSTANT_CONVERSION = YES;
				CLANG_WARN_DEPRECATED_OBJC_IMPLEMENTATIONS = YES;
				CLANG_WARN_DIRECT_OBJC_ISA_USAGE = YES_ERROR;
				CLANG_WARN_DOCUMENTATION_COMMENTS = YES;
				CLANG_WARN_EMPTY_BODY = YES;
				CLANG_WARN_ENUM_CONVERSION = YES;
				CLANG_WARN_INFINITE_RECURSION = YES;
				CLANG_WARN_INT_CONVERSION = YES;
				CLANG_WARN_NON_LITERAL_NULL_CONVERSION = YES;
				CLANG_WARN_OBJC_IMPLICIT_RETAIN_SELF = YES;
				CLANG_WARN_OBJC_LITERAL_CONVERSION = YES;
				CLANG_WARN_OBJC_ROOT_CLASS = YES_ERROR;
				CLANG_WARN_QUOTED_INCLUDE_IN_FRAMEWORK_HEADER = YES;
				CLANG_WARN_RANGE_LOOP_ANALYSIS = YES;
				CLANG_WARN_STRICT_PROTOTYPES = YES;
				CLANG_WARN_SUSPICIOUS_MOVE = YES;
				CLANG_WARN_UNGUARDED_AVAILABILITY = YES_AGGRESSIVE;
				CLANG_WARN_UNREACHABLE_CODE = YES;
				CLANG_WARN__DUPLICATE_METHOD_MATCH = YES;
				COPY_PHASE_STRIP = NO;
				DEBUG_INFORMATION_FORMAT = dwarf;
				ENABLE_STRICT_OBJC_MSGSEND = YES;
				ENABLE_TESTABILITY = YES;
				GCC_C_LANGUAGE_STANDARD = gnu11;
				GCC_DYNAMIC_NO_PIC = NO;
				GCC_NO_COMMON_BLOCKS = YES;
				GCC_OPTIMIZATION_LEVEL = 0;
				GCC_PREPROCESSOR_DEFINITIONS = (
					"DEBUG=1",
					"$(inherited)",
				);
				GCC_WARN_64_TO_32_BIT_CONVERSION = YES;
				GCC_WARN_ABOUT_RETURN_TYPE = YES_ERROR;
				GCC_WARN_UNDECLARED_SELECTOR = YES;
				GCC_WARN_UNINITIALIZED_AUTOS = YES_AGGRESSIVE;
				GCC_WARN_UNUSED_FUNCTION = YES;
				GCC_WARN_UNUSED_VARIABLE = YES;
				IPHONEOS_DEPLOYMENT_TARGET = 16.2;
				MTL_ENABLE_DEBUG_INFO = INCLUDE_SOURCE;
				MTL_FAST_MATH = YES;
				ONLY_ACTIVE_ARCH = YES;
				SDKROOT = iphoneos;
				SWIFT_ACTIVE_COMPILATION_CONDITIONS = DEBUG;
				SWIFT_OPTIMIZATION_LEVEL = "-Onone";
			};
			name = Debug;
		};
		B9202DC929A27ECA00BCD415 /* Release */ = {
			isa = XCBuildConfiguration;
			buildSettings = {
				ALWAYS_SEARCH_USER_PATHS = NO;
				CLANG_ANALYZER_NONNULL = YES;
				CLANG_ANALYZER_NUMBER_OBJECT_CONVERSION = YES_AGGRESSIVE;
				CLANG_CXX_LANGUAGE_STANDARD = "gnu++20";
				CLANG_ENABLE_MODULES = YES;
				CLANG_ENABLE_OBJC_ARC = YES;
				CLANG_ENABLE_OBJC_WEAK = YES;
				CLANG_WARN_BLOCK_CAPTURE_AUTORELEASING = YES;
				CLANG_WARN_BOOL_CONVERSION = YES;
				CLANG_WARN_COMMA = YES;
				CLANG_WARN_CONSTANT_CONVERSION = YES;
				CLANG_WARN_DEPRECATED_OBJC_IMPLEMENTATIONS = YES;
				CLANG_WARN_DIRECT_OBJC_ISA_USAGE = YES_ERROR;
				CLANG_WARN_DOCUMENTATION_COMMENTS = YES;
				CLANG_WARN_EMPTY_BODY = YES;
				CLANG_WARN_ENUM_CONVERSION = YES;
				CLANG_WARN_INFINITE_RECURSION = YES;
				CLANG_WARN_INT_CONVERSION = YES;
				CLANG_WARN_NON_LITERAL_NULL_CONVERSION = YES;
				CLANG_WARN_OBJC_IMPLICIT_RETAIN_SELF = YES;
				CLANG_WARN_OBJC_LITERAL_CONVERSION = YES;
				CLANG_WARN_OBJC_ROOT_CLASS = YES_ERROR;
				CLANG_WARN_QUOTED_INCLUDE_IN_FRAMEWORK_HEADER = YES;
				CLANG_WARN_RANGE_LOOP_ANALYSIS = YES;
				CLANG_WARN_STRICT_PROTOTYPES = YES;
				CLANG_WARN_SUSPICIOUS_MOVE = YES;
				CLANG_WARN_UNGUARDED_AVAILABILITY = YES_AGGRESSIVE;
				CLANG_WARN_UNREACHABLE_CODE = YES;
				CLANG_WARN__DUPLICATE_METHOD_MATCH = YES;
				COPY_PHASE_STRIP = NO;
				DEBUG_INFORMATION_FORMAT = "dwarf-with-dsym";
				ENABLE_NS_ASSERTIONS = NO;
				ENABLE_STRICT_OBJC_MSGSEND = YES;
				GCC_C_LANGUAGE_STANDARD = gnu11;
				GCC_NO_COMMON_BLOCKS = YES;
				GCC_WARN_64_TO_32_BIT_CONVERSION = YES;
				GCC_WARN_ABOUT_RETURN_TYPE = YES_ERROR;
				GCC_WARN_UNDECLARED_SELECTOR = YES;
				GCC_WARN_UNINITIALIZED_AUTOS = YES_AGGRESSIVE;
				GCC_WARN_UNUSED_FUNCTION = YES;
				GCC_WARN_UNUSED_VARIABLE = YES;
				IPHONEOS_DEPLOYMENT_TARGET = 16.2;
				MTL_ENABLE_DEBUG_INFO = NO;
				MTL_FAST_MATH = YES;
				SDKROOT = iphoneos;
				SWIFT_COMPILATION_MODE = wholemodule;
				SWIFT_OPTIMIZATION_LEVEL = "-O";
				VALIDATE_PRODUCT = YES;
			};
			name = Release;
		};
		B9202DCB29A27ECA00BCD415 /* Debug */ = {
			isa = XCBuildConfiguration;
			buildSettings = {
				ASSETCATALOG_COMPILER_APPICON_NAME = AppIcon;
				ASSETCATALOG_COMPILER_GLOBAL_ACCENT_COLOR_NAME = AccentColor;
				CODE_SIGN_STYLE = Automatic;
				CURRENT_PROJECT_VERSION = 1;
				DEVELOPMENT_ASSET_PATHS = "";
				DEVELOPMENT_TEAM = C5SE39MZ59;
				ENABLE_PREVIEWS = YES;
				GENERATE_INFOPLIST_FILE = YES;
				INFOPLIST_FILE = UnisonDemo/Info.plist;
				INFOPLIST_KEY_UIApplicationSupportsIndirectInputEvents = YES;
				INFOPLIST_KEY_UILaunchScreen_Generation = YES;
				INFOPLIST_KEY_UISupportedInterfaceOrientations_iPad = "UIInterfaceOrientationPortrait UIInterfaceOrientationPortraitUpsideDown UIInterfaceOrientationLandscapeLeft UIInterfaceOrientationLandscapeRight";
				INFOPLIST_KEY_UISupportedInterfaceOrientations_iPhone = "UIInterfaceOrientationPortrait UIInterfaceOrientationLandscapeLeft UIInterfaceOrientationLandscapeRight";
				LD_RUNPATH_SEARCH_PATHS = (
					"$(inherited)",
					"@executable_path/Frameworks",
				);
				MARKETING_VERSION = 1.0;
				PRODUCT_BUNDLE_IDENTIFIER = dsc.Unison;
				PRODUCT_NAME = "$(TARGET_NAME)";
				SWIFT_EMIT_LOC_STRINGS = YES;
				SWIFT_VERSION = 5.0;
				TARGETED_DEVICE_FAMILY = "1,2";
			};
			name = Debug;
		};
		B9202DCC29A27ECA00BCD415 /* Release */ = {
			isa = XCBuildConfiguration;
			buildSettings = {
				ASSETCATALOG_COMPILER_APPICON_NAME = AppIcon;
				ASSETCATALOG_COMPILER_GLOBAL_ACCENT_COLOR_NAME = AccentColor;
				CODE_SIGN_STYLE = Automatic;
				CURRENT_PROJECT_VERSION = 1;
				DEVELOPMENT_ASSET_PATHS = "";
				DEVELOPMENT_TEAM = C5SE39MZ59;
				ENABLE_PREVIEWS = YES;
				GENERATE_INFOPLIST_FILE = YES;
				INFOPLIST_FILE = UnisonDemo/Info.plist;
				INFOPLIST_KEY_UIApplicationSupportsIndirectInputEvents = YES;
				INFOPLIST_KEY_UILaunchScreen_Generation = YES;
				INFOPLIST_KEY_UISupportedInterfaceOrientations_iPad = "UIInterfaceOrientationPortrait UIInterfaceOrientationPortraitUpsideDown UIInterfaceOrientationLandscapeLeft UIInterfaceOrientationLandscapeRight";
				INFOPLIST_KEY_UISupportedInterfaceOrientations_iPhone = "UIInterfaceOrientationPortrait UIInterfaceOrientationLandscapeLeft UIInterfaceOrientationLandscapeRight";
				LD_RUNPATH_SEARCH_PATHS = (
					"$(inherited)",
					"@executable_path/Frameworks",
				);
				MARKETING_VERSION = 1.0;
				PRODUCT_BUNDLE_IDENTIFIER = dsc.Unison;
				PRODUCT_NAME = "$(TARGET_NAME)";
				SWIFT_EMIT_LOC_STRINGS = YES;
				SWIFT_VERSION = 5.0;
				TARGETED_DEVICE_FAMILY = "1,2";
			};
			name = Release;
		};
		B98E847F29ABC05B003A38A2 /* Debug */ = {
			isa = XCBuildConfiguration;
			buildSettings = {
				BUNDLE_LOADER = "$(TEST_HOST)";
				CODE_SIGN_STYLE = Automatic;
				CURRENT_PROJECT_VERSION = 1;
				DEVELOPMENT_TEAM = C5SE39MZ59;
				GENERATE_INFOPLIST_FILE = YES;
				MARKETING_VERSION = 1.0;
				PRODUCT_BUNDLE_IDENTIFIER = dsc.UnisonDemoTests;
				PRODUCT_NAME = "$(TARGET_NAME)";
				SWIFT_EMIT_LOC_STRINGS = NO;
				SWIFT_VERSION = 5.0;
				TARGETED_DEVICE_FAMILY = "1,2";
				TEST_HOST = "$(BUILT_PRODUCTS_DIR)/UnisonDemo.app/$(BUNDLE_EXECUTABLE_FOLDER_PATH)/UnisonDemo";
			};
			name = Debug;
		};
		B98E848029ABC05B003A38A2 /* Release */ = {
			isa = XCBuildConfiguration;
			buildSettings = {
				BUNDLE_LOADER = "$(TEST_HOST)";
				CODE_SIGN_STYLE = Automatic;
				CURRENT_PROJECT_VERSION = 1;
				DEVELOPMENT_TEAM = C5SE39MZ59;
				GENERATE_INFOPLIST_FILE = YES;
				MARKETING_VERSION = 1.0;
				PRODUCT_BUNDLE_IDENTIFIER = dsc.UnisonDemoTests;
				PRODUCT_NAME = "$(TARGET_NAME)";
				SWIFT_EMIT_LOC_STRINGS = NO;
				SWIFT_VERSION = 5.0;
				TARGETED_DEVICE_FAMILY = "1,2";
				TEST_HOST = "$(BUILT_PRODUCTS_DIR)/UnisonDemo.app/$(BUNDLE_EXECUTABLE_FOLDER_PATH)/UnisonDemo";
			};
			name = Release;
		};
/* End XCBuildConfiguration section */

/* Begin XCConfigurationList section */
		B9202DA129A27EC800BCD415 /* Build configuration list for PBXProject "UnisonDemo" */ = {
			isa = XCConfigurationList;
			buildConfigurations = (
				B9202DC829A27ECA00BCD415 /* Debug */,
				B9202DC929A27ECA00BCD415 /* Release */,
			);
			defaultConfigurationIsVisible = 0;
			defaultConfigurationName = Release;
		};
		B9202DCA29A27ECA00BCD415 /* Build configuration list for PBXNativeTarget "UnisonDemo" */ = {
			isa = XCConfigurationList;
			buildConfigurations = (
				B9202DCB29A27ECA00BCD415 /* Debug */,
				B9202DCC29A27ECA00BCD415 /* Release */,
			);
			defaultConfigurationIsVisible = 0;
			defaultConfigurationName = Release;
		};
		B98E847E29ABC05B003A38A2 /* Build configuration list for PBXNativeTarget "UnisonDemoTests" */ = {
			isa = XCConfigurationList;
			buildConfigurations = (
				B98E847F29ABC05B003A38A2 /* Debug */,
				B98E848029ABC05B003A38A2 /* Release */,
			);
			defaultConfigurationIsVisible = 0;
			defaultConfigurationName = Release;
		};
/* End XCConfigurationList section */

/* Begin XCSwiftPackageProductDependency section */
		B909B6BC29A41BD900F68A3E /* Unison */ = {
			isa = XCSwiftPackageProductDependency;
			productName = Unison;
		};
		B969E25729AA704D008B2625 /* CodeGeneratorPlugin */ = {
			isa = XCSwiftPackageProductDependency;
			productName = "plugin:CodeGeneratorPlugin";
		};
/* End XCSwiftPackageProductDependency section */
	};
	rootObject = B9202D9E29A27EC800BCD415 /* Project object */;
}
