{
  "pins" : [
    {
      "identity" : "swiftdependencycontainer",
      "kind" : "remoteSourceControl",
      "location" : "https://github.com/davidscheutz/SwiftDependencyContainer.git",
      "state" : {
        "branch" : "master",
        "revision" : "c29c28be17059a58c522ac360139d5fa40223f50"
      }
    }
  ],
  "version" : 2
}
